
Microsoft Visual Studio Solution File, Format Version 12.00
# Visual Studio Version 17
VisualStudioVersion = 17.14.36429.23 d17.14
MinimumVisualStudioVersion = 10.0.40219.1
Project("{888888A0-9F3D-457C-B088-3A5042F75D52}") = "BrazilianStocks", "BrazilianStocks.pyproj", "{4C25FAFF-B54C-4001-9077-9A3B9B4C154D}"
EndProject
Global
	GlobalSection(SolutionConfigurationPlatforms) = preSolution
		Debug|Any CPU = Debug|Any CPU
		Release|Any CPU = Release|Any CPU
	EndGlobalSection
	GlobalSection(ProjectConfigurationPlatforms) = postSolution
		{4C25FAFF-B54C-4001-9077-9A3B9B4C154D}.Debug|Any CPU.ActiveCfg = Debug|Any CPU
		{4C25FAFF-B54C-4001-9077-9A3B9B4C154D}.Release|Any CPU.ActiveCfg = Release|Any CPU
	EndGlobalSection
	GlobalSection(SolutionProperties) = preSolution
		HideSolutionNode = FALSE
	EndGlobalSection
	GlobalSection(ExtensibilityGlobals) = postSolution
		SolutionGuid = {249B0E23-6089-4B70-B426-A6631EB34D6B}
	EndGlobalSection
EndGlobal
